
Microsoft Visual Studio Solution File, Format Version 12.00
# Visual Studio 15
VisualStudioVersion = 15.0.28307.136
MinimumVisualStudioVersion = 10.0.40219.1
Project("{9A19103F-16F7-4668-BE54-9A1E7A4F7556}") = "DAL", "DAL\DAL.csproj", "{F810E1F1-C534-4ABC-95A5-C0FCB81004B3}"
EndProject
Project("{9A19103F-16F7-4668-BE54-9A1E7A4F7556}") = "Bootstrap", "Bootstrap\Bootstrap.csproj", "{56E44F54-3C19-427B-B185-C60FACF5E8F4}"
EndProject
Project("{9A19103F-16F7-4668-BE54-9A1E7A4F7556}") = "BLL", "BLL\BLL.csproj", "{AB8D7848-6719-443C-9EFB-730EBE96237D}"
EndProject
Project("{9A19103F-16F7-4668-BE54-9A1E7A4F7556}") = "WebApi", "WebApi\WebApi.csproj", "{B172A594-D4F0-4A4C-AF28-B8B27F28BD31}"
EndProject
Project("{9A19103F-16F7-4668-BE54-9A1E7A4F7556}") = "BLL.Tests", "BLL.Tests\BLL.Tests.csproj", "{016CF5E9-6038-4053-B601-8D2FA97F790A}"
EndProject
Global
	GlobalSection(SolutionConfigurationPlatforms) = preSolution
		Debug|Any CPU = Debug|Any CPU
		Release|Any CPU = Release|Any CPU
	EndGlobalSection
	GlobalSection(ProjectConfigurationPlatforms) = postSolution
		{F810E1F1-C534-4ABC-95A5-C0FCB81004B3}.Debug|Any CPU.ActiveCfg = Debug|Any CPU
		{F810E1F1-C534-4ABC-95A5-C0FCB81004B3}.Debug|Any CPU.Build.0 = Debug|Any CPU
		{F810E1F1-C534-4ABC-95A5-C0FCB81004B3}.Release|Any CPU.ActiveCfg = Release|Any CPU
		{F810E1F1-C534-4ABC-95A5-C0FCB81004B3}.Release|Any CPU.Build.0 = Release|Any CPU
		{56E44F54-3C19-427B-B185-C60FACF5E8F4}.Debug|Any CPU.ActiveCfg = Debug|Any CPU
		{56E44F54-3C19-427B-B185-C60FACF5E8F4}.Debug|Any CPU.Build.0 = Debug|Any CPU
		{56E44F54-3C19-427B-B185-C60FACF5E8F4}.Release|Any CPU.ActiveCfg = Release|Any CPU
		{56E44F54-3C19-427B-B185-C60FACF5E8F4}.Release|Any CPU.Build.0 = Release|Any CPU
		{AB8D7848-6719-443C-9EFB-730EBE96237D}.Debug|Any CPU.ActiveCfg = Debug|Any CPU
		{AB8D7848-6719-443C-9EFB-730EBE96237D}.Debug|Any CPU.Build.0 = Debug|Any CPU
		{AB8D7848-6719-443C-9EFB-730EBE96237D}.Release|Any CPU.ActiveCfg = Release|Any CPU
		{AB8D7848-6719-443C-9EFB-730EBE96237D}.Release|Any CPU.Build.0 = Release|Any CPU
		{B172A594-D4F0-4A4C-AF28-B8B27F28BD31}.Debug|Any CPU.ActiveCfg = Debug|Any CPU
		{B172A594-D4F0-4A4C-AF28-B8B27F28BD31}.Debug|Any CPU.Build.0 = Debug|Any CPU
		{B172A594-D4F0-4A4C-AF28-B8B27F28BD31}.Release|Any CPU.ActiveCfg = Release|Any CPU
		{B172A594-D4F0-4A4C-AF28-B8B27F28BD31}.Release|Any CPU.Build.0 = Release|Any CPU
		{016CF5E9-6038-4053-B601-8D2FA97F790A}.Debug|Any CPU.ActiveCfg = Debug|Any CPU
		{016CF5E9-6038-4053-B601-8D2FA97F790A}.Debug|Any CPU.Build.0 = Debug|Any CPU
		{016CF5E9-6038-4053-B601-8D2FA97F790A}.Release|Any CPU.ActiveCfg = Release|Any CPU
		{016CF5E9-6038-4053-B601-8D2FA97F790A}.Release|Any CPU.Build.0 = Release|Any CPU
	EndGlobalSection
	GlobalSection(SolutionProperties) = preSolution
		HideSolutionNode = FALSE
	EndGlobalSection
	GlobalSection(ExtensibilityGlobals) = postSolution
		SolutionGuid = {97988B98-6B11-4914-AD73-A40C6A72B887}
	EndGlobalSection
EndGlobal
